
Microsoft Visual Studio Solution File, Format Version 12.00
# Visual Studio Version 17
VisualStudioVersion = 17.9.34728.123
MinimumVisualStudioVersion = 10.0.40219.1
Project("{FAE04EC0-301F-11D3-BF4B-00C04F79EFBC}") = "Exercicio4FilaFibonacci", "Exercicio4FilaFibonacci\Exercicio4FilaFibonacci.csproj", "{65C7107C-23E9-4487-B667-C922C129DCB9}"
EndProject
Global
	GlobalSection(SolutionConfigurationPlatforms) = preSolution
		Debug|Any CPU = Debug|Any CPU
		Release|Any CPU = Release|Any CPU
	EndGlobalSection
	GlobalSection(ProjectConfigurationPlatforms) = postSolution
		{65C7107C-23E9-4487-B667-C922C129DCB9}.Debug|Any CPU.ActiveCfg = Debug|Any CPU
		{65C7107C-23E9-4487-B667-C922C129DCB9}.Debug|Any CPU.Build.0 = Debug|Any CPU
		{65C7107C-23E9-4487-B667-C922C129DCB9}.Release|Any CPU.ActiveCfg = Release|Any CPU
		{65C7107C-23E9-4487-B667-C922C129DCB9}.Release|Any CPU.Build.0 = Release|Any CPU
	EndGlobalSection
	GlobalSection(SolutionProperties) = preSolution
		HideSolutionNode = FALSE
	EndGlobalSection
	GlobalSection(ExtensibilityGlobals) = postSolution
		SolutionGuid = {AF302B3D-6E52-4172-BE91-E80A71660818}
	EndGlobalSection
EndGlobal
